
Microsoft Visual Studio Solution File, Format Version 12.00
# Visual Studio Version 16
VisualStudioVersion = 16.0.30523.141
MinimumVisualStudioVersion = 10.0.40219.1
Project("{FAE04EC0-301F-11D3-BF4B-00C04F79EFBC}") = "forDongu", "forDongu\forDongu.csproj", "{82CD1479-F8E9-4BF0-87F8-9C2DA6E94246}"
EndProject
Global
	GlobalSection(SolutionConfigurationPlatforms) = preSolution
		Debug|Any CPU = Debug|Any CPU
		Release|Any CPU = Release|Any CPU
	EndGlobalSection
	GlobalSection(ProjectConfigurationPlatforms) = postSolution
		{82CD1479-F8E9-4BF0-87F8-9C2DA6E94246}.Debug|Any CPU.ActiveCfg = Debug|Any CPU
		{82CD1479-F8E9-4BF0-87F8-9C2DA6E94246}.Debug|Any CPU.Build.0 = Debug|Any CPU
		{82CD1479-F8E9-4BF0-87F8-9C2DA6E94246}.Release|Any CPU.ActiveCfg = Release|Any CPU
		{82CD1479-F8E9-4BF0-87F8-9C2DA6E94246}.Release|Any CPU.Build.0 = Release|Any CPU
	EndGlobalSection
	GlobalSection(SolutionProperties) = preSolution
		HideSolutionNode = FALSE
	EndGlobalSection
	GlobalSection(ExtensibilityGlobals) = postSolution
		SolutionGuid = {8F611FE3-29C2-416E-9C80-637DCB0BAD67}
	EndGlobalSection
EndGlobal
